
Microsoft Visual Studio Solution File, Format Version 12.00
# Visual Studio Version 18
VisualStudioVersion = 18.2.11430.68 d18.0
MinimumVisualStudioVersion = 10.0.40219.1
Project("{FAE04EC0-301F-11D3-BF4B-00C04F79EFBC}") = "AthenaUnionLibrary", "AthenaUnionLibrary\AthenaUnionLibrary.csproj", "{31CC71E7-D617-4A90-B3E4-2D31995F5CB0}"
EndProject
Project("{FAE04EC0-301F-11D3-BF4B-00C04F79EFBC}") = "Mediator", "Mediator\Mediator.csproj", "{77805457-3D04-4892-82D9-5E4FEDFB1F3E}"
EndProject
Global
	GlobalSection(SolutionConfigurationPlatforms) = preSolution
		Debug|Any CPU = Debug|Any CPU
		Release|Any CPU = Release|Any CPU
	EndGlobalSection
	GlobalSection(ProjectConfigurationPlatforms) = postSolution
		{31CC71E7-D617-4A90-B3E4-2D31995F5CB0}.Debug|Any CPU.ActiveCfg = Debug|Any CPU
		{31CC71E7-D617-4A90-B3E4-2D31995F5CB0}.Debug|Any CPU.Build.0 = Debug|Any CPU
		{31CC71E7-D617-4A90-B3E4-2D31995F5CB0}.Release|Any CPU.ActiveCfg = Release|Any CPU
		{31CC71E7-D617-4A90-B3E4-2D31995F5CB0}.Release|Any CPU.Build.0 = Release|Any CPU
		{77805457-3D04-4892-82D9-5E4FEDFB1F3E}.Debug|Any CPU.ActiveCfg = Debug|Any CPU
		{77805457-3D04-4892-82D9-5E4FEDFB1F3E}.Debug|Any CPU.Build.0 = Debug|Any CPU
		{77805457-3D04-4892-82D9-5E4FEDFB1F3E}.Release|Any CPU.ActiveCfg = Release|Any CPU
		{77805457-3D04-4892-82D9-5E4FEDFB1F3E}.Release|Any CPU.Build.0 = Release|Any CPU
	EndGlobalSection
	GlobalSection(SolutionProperties) = preSolution
		HideSolutionNode = FALSE
	EndGlobalSection
	GlobalSection(ExtensibilityGlobals) = postSolution
		SolutionGuid = {D1F7F940-A3FD-4AC5-8D66-C8498CBC76A5}
	EndGlobalSection
EndGlobal
